{
    "requires": true,
    "lockfileVersion": 1,
    "dependencies": {
        "lua.vm.js": {
            "version": "0.0.1",
            "resolved": "http://registry.npm.taobao.org/lua.vm.js/download/lua.vm.js-0.0.1.tgz",
            "integrity": "sha1-qiuWlrkEPxevmCjUrqzW2bwlacc="
        }
    }
}
